
Microsoft Visual Studio Solution File, Format Version 12.00
# Visual Studio Version 17
VisualStudioVersion = 17.1.32421.90
MinimumVisualStudioVersion = 10.0.40219.1
Project("{FAE04EC0-301F-11D3-BF4B-00C04F79EFBC}") = "Chagall", "Chagall\Chagall.csproj", "{7C7F3C8B-DAED-4986-B051-539DE42D02F6}"
EndProject
Project("{2150E333-8FDC-42A3-9474-1A3956D46DE8}") = "ソリューション項目", "ソリューション項目", "{6A233235-5286-45B0-8330-25A75EAC6465}"
	ProjectSection(SolutionItems) = preProject
		README.md = README.md
	EndProjectSection
EndProject
Global
	GlobalSection(SolutionConfigurationPlatforms) = preSolution
		Debug|Any CPU = Debug|Any CPU
		Release|Any CPU = Release|Any CPU
	EndGlobalSection
	GlobalSection(ProjectConfigurationPlatforms) = postSolution
		{7C7F3C8B-DAED-4986-B051-539DE42D02F6}.Debug|Any CPU.ActiveCfg = Debug|Any CPU
		{7C7F3C8B-DAED-4986-B051-539DE42D02F6}.Debug|Any CPU.Build.0 = Debug|Any CPU
		{7C7F3C8B-DAED-4986-B051-539DE42D02F6}.Release|Any CPU.ActiveCfg = Release|Any CPU
		{7C7F3C8B-DAED-4986-B051-539DE42D02F6}.Release|Any CPU.Build.0 = Release|Any CPU
	EndGlobalSection
	GlobalSection(SolutionProperties) = preSolution
		HideSolutionNode = FALSE
	EndGlobalSection
	GlobalSection(ExtensibilityGlobals) = postSolution
		SolutionGuid = {2270D8F7-2DC9-4E4E-995C-F92A3EBA8903}
	EndGlobalSection
EndGlobal
